
Microsoft Visual Studio Solution File, Format Version 12.00
# Visual Studio Version 16
VisualStudioVersion = 16.0.29418.71
MinimumVisualStudioVersion = 10.0.40219.1
Project("{FAE04EC0-301F-11D3-BF4B-00C04F79EFBC}") = "Open-Lab-05.01", "Open-Lab-05.01.csproj", "{C06F41B6-1F30-4491-80F8-F3E1D6EB582D}"
EndProject
Global
	GlobalSection(SolutionConfigurationPlatforms) = preSolution
		Debug|Any CPU = Debug|Any CPU
		Release|Any CPU = Release|Any CPU
	EndGlobalSection
	GlobalSection(ProjectConfigurationPlatforms) = postSolution
		{C06F41B6-1F30-4491-80F8-F3E1D6EB582D}.Debug|Any CPU.ActiveCfg = Debug|Any CPU
		{C06F41B6-1F30-4491-80F8-F3E1D6EB582D}.Debug|Any CPU.Build.0 = Debug|Any CPU
		{C06F41B6-1F30-4491-80F8-F3E1D6EB582D}.Release|Any CPU.ActiveCfg = Release|Any CPU
		{C06F41B6-1F30-4491-80F8-F3E1D6EB582D}.Release|Any CPU.Build.0 = Release|Any CPU
	EndGlobalSection
	GlobalSection(SolutionProperties) = preSolution
		HideSolutionNode = FALSE
	EndGlobalSection
	GlobalSection(ExtensibilityGlobals) = postSolution
		SolutionGuid = {38760BA5-17AB-4B50-B0FB-CA8DCF2A0F79}
	EndGlobalSection
EndGlobal
